
Microsoft Visual Studio Solution File, Format Version 12.00
# Visual Studio 15
VisualStudioVersion = 15.0.27130.2036
MinimumVisualStudioVersion = 10.0.40219.1
Project("{FAE04EC0-301F-11D3-BF4B-00C04F79EFBC}") = "CheckAndPasswordGenerator", "CheckAndPasswordGenerator\CheckAndPasswordGenerator.csproj", "{F8D758BF-1807-4010-B0D2-CFF412201713}"
EndProject
Global
	GlobalSection(SolutionConfigurationPlatforms) = preSolution
		Debug|Any CPU = Debug|Any CPU
		Release|Any CPU = Release|Any CPU
	EndGlobalSection
	GlobalSection(ProjectConfigurationPlatforms) = postSolution
		{F8D758BF-1807-4010-B0D2-CFF412201713}.Debug|Any CPU.ActiveCfg = Debug|Any CPU
		{F8D758BF-1807-4010-B0D2-CFF412201713}.Debug|Any CPU.Build.0 = Debug|Any CPU
		{F8D758BF-1807-4010-B0D2-CFF412201713}.Release|Any CPU.ActiveCfg = Release|Any CPU
		{F8D758BF-1807-4010-B0D2-CFF412201713}.Release|Any CPU.Build.0 = Release|Any CPU
	EndGlobalSection
	GlobalSection(SolutionProperties) = preSolution
		HideSolutionNode = FALSE
	EndGlobalSection
	GlobalSection(ExtensibilityGlobals) = postSolution
		SolutionGuid = {D6EAA7F2-6891-4D39-A9C9-0E9B1272B7BC}
	EndGlobalSection
EndGlobal
